// !$*UTF8*$!
{
	archiveVersion = 1;
	classes = {
	};
	objectVersion = 50;
	objects = {

/* Begin PBXBuildFile section */
		AC509E3B22498E160025C3D0 /* AppDelegate.m in Sources */ = {isa = PBXBuildFile; fileRef = AC509E3A22498E160025C3D0 /* AppDelegate.m */; };
		AC509E3E22498E160025C3D0 /* ViewController.m in Sources */ = {isa = PBXBuildFile; fileRef = AC509E3D22498E160025C3D0 /* ViewController.m */; };
		AC509E4122498E160025C3D0 /* Main.storyboard in Resources */ = {isa = PBXBuildFile; fileRef = AC509E3F22498E160025C3D0 /* Main.storyboard */; };
		AC509E4322498E220025C3D0 /* Assets.xcassets in Resources */ = {isa = PBXBuildFile; fileRef = AC509E4222498E220025C3D0 /* Assets.xcassets */; };
		AC509E4622498E220025C3D0 /* LaunchScreen.storyboard in Resources */ = {isa = PBXBuildFile; fileRef = AC509E4422498E220025C3D0 /* LaunchScreen.storyboard */; };
		AC509E4922498E220025C3D0 /* main.m in Sources */ = {isa = PBXBuildFile; fileRef = AC509E4822498E220025C3D0 /* main.m */; };
		AC509E51224991F40025C3D0 /* Pessoa.m in Sources */ = {isa = PBXBuildFile; fileRef = AC509E50224991F40025C3D0 /* Pessoa.m */; };
/* End PBXBuildFile section */

/* Begin PBXFileReference section */
		AC509E3622498E160025C3D0 /* Correção Aula 08 - 4SIR.app */ = {isa = PBXFileReference; explicitFileType = wrapper.application; includeInIndex = 0; path = "Correção Aula 08 - 4SIR.app"; sourceTree = BUILT_PRODUCTS_DIR; };
		AC509E3922498E160025C3D0 /* AppDelegate.h */ = {isa = PBXFileReference; lastKnownFileType = sourcecode.c.h; path = AppDelegate.h; sourceTree = "<group>"; };
		AC509E3A22498E160025C3D0 /* AppDelegate.m */ = {isa = PBXFileReference; lastKnownFileType = sourcecode.c.objc; path = AppDelegate.m; sourceTree = "<group>"; };
		AC509E3C22498E160025C3D0 /* ViewController.h */ = {isa = PBXFileReference; lastKnownFileType = sourcecode.c.h; path = ViewController.h; sourceTree = "<group>"; };
		AC509E3D22498E160025C3D0 /* ViewController.m */ = {isa = PBXFileReference; lastKnownFileType = sourcecode.c.objc; path = ViewController.m; sourceTree = "<group>"; };
		AC509E4022498E160025C3D0 /* Base */ = {isa = PBXFileReference; lastKnownFileType = file.storyboard; name = Base; path = Base.lproj/Main.storyboard; sourceTree = "<group>"; };
		AC509E4222498E220025C3D0 /* Assets.xcassets */ = {isa = PBXFileReference; lastKnownFileType = folder.assetcatalog; path = Assets.xcassets; sourceTree = "<group>"; };
		AC509E4522498E220025C3D0 /* Base */ = {isa = PBXFileReference; lastKnownFileType = file.storyboard; name = Base; path = Base.lproj/LaunchScreen.storyboard; sourceTree = "<group>"; };
		AC509E4722498E220025C3D0 /* Info.plist */ = {isa = PBXFileReference; lastKnownFileType = text.plist.xml; path = Info.plist; sourceTree = "<group>"; };
		AC509E4822498E220025C3D0 /* main.m */ = {isa = PBXFileReference; lastKnownFileType = sourcecode.c.objc; path = main.m; sourceTree = "<group>"; };
		AC509E4F224991F40025C3D0 /* Pessoa.h */ = {isa = PBXFileReference; lastKnownFileType = sourcecode.c.h; path = Pessoa.h; sourceTree = "<group>"; };
		AC509E50224991F40025C3D0 /* Pessoa.m */ = {isa = PBXFileReference; lastKnownFileType = sourcecode.c.objc; path = Pessoa.m; sourceTree = "<group>"; };
/* End PBXFileReference section */

/* Begin PBXFrameworksBuildPhase section */
		AC509E3322498E160025C3D0 /* Frameworks */ = {
			isa = PBXFrameworksBuildPhase;
			buildActionMask = 2147483647;
			files = (
			);
			runOnlyForDeploymentPostprocessing = 0;
		};
/* End PBXFrameworksBuildPhase section */

/* Begin PBXGroup section */
		AC509E2D22498E160025C3D0 = {
			isa = PBXGroup;
			children = (
				AC509E3822498E160025C3D0 /* Correção Aula 08 - 4SIR */,
				AC509E3722498E160025C3D0 /* Products */,
			);
			sourceTree = "<group>";
		};
		AC509E3722498E160025C3D0 /* Products */ = {
			isa = PBXGroup;
			children = (
				AC509E3622498E160025C3D0 /* Correção Aula 08 - 4SIR.app */,
			);
			name = Products;
			sourceTree = "<group>";
		};
		AC509E3822498E160025C3D0 /* Correção Aula 08 - 4SIR */ = {
			isa = PBXGroup;
			children = (
				AC509E3922498E160025C3D0 /* AppDelegate.h */,
				AC509E3A22498E160025C3D0 /* AppDelegate.m */,
				AC509E3C22498E160025C3D0 /* ViewController.h */,
				AC509E3D22498E160025C3D0 /* ViewController.m */,
				AC509E3F22498E160025C3D0 /* Main.storyboard */,
				AC509E4F224991F40025C3D0 /* Pessoa.h */,
				AC509E50224991F40025C3D0 /* Pessoa.m */,
				AC509E4222498E220025C3D0 /* Assets.xcassets */,
				AC509E4422498E220025C3D0 /* LaunchScreen.storyboard */,
				AC509E4722498E220025C3D0 /* Info.plist */,
				AC509E4822498E220025C3D0 /* main.m */,
			);
			path = "Correção Aula 08 - 4SIR";
			sourceTree = "<group>";
		};
/* End PBXGroup section */

/* Begin PBXNativeTarget section */
		AC509E3522498E160025C3D0 /* Correção Aula 08 - 4SIR */ = {
			isa = PBXNativeTarget;
			buildConfigurationList = AC509E4C22498E220025C3D0 /* Build configuration list for PBXNativeTarget "Correção Aula 08 - 4SIR" */;
			buildPhases = (
				AC509E3222498E160025C3D0 /* Sources */,
				AC509E3322498E160025C3D0 /* Frameworks */,
				AC509E3422498E160025C3D0 /* Resources */,
			);
			buildRules = (
			);
			dependencies = (
			);
			name = "Correção Aula 08 - 4SIR";
			productName = "Correção Aula 08 - 4SIR";
			productReference = AC509E3622498E160025C3D0 /* Correção Aula 08 - 4SIR.app */;
			productType = "com.apple.product-type.application";
		};
/* End PBXNativeTarget section */

/* Begin PBXProject section */
		AC509E2E22498E160025C3D0 /* Project object */ = {
			isa = PBXProject;
			attributes = {
				LastUpgradeCheck = 1010;
				ORGANIZATIONNAME = "Guilherme BIgois";
				TargetAttributes = {
					AC509E3522498E160025C3D0 = {
						CreatedOnToolsVersion = 10.1;
					};
				};
			};
			buildConfigurationList = AC509E3122498E160025C3D0 /* Build configuration list for PBXProject "Correção Aula 08 - 4SIR" */;
			compatibilityVersion = "Xcode 9.3";
			developmentRegion = en;
			hasScannedForEncodings = 0;
			knownRegions = (
				en,
				Base,
			);
			mainGroup = AC509E2D22498E160025C3D0;
			productRefGroup = AC509E3722498E160025C3D0 /* Products */;
			projectDirPath = "";
			projectRoot = "";
			targets = (
				AC509E3522498E160025C3D0 /* Correção Aula 08 - 4SIR */,
			);
		};
/* End PBXProject section */

/* Begin PBXResourcesBuildPhase section */
		AC509E3422498E160025C3D0 /* Resources */ = {
			isa = PBXResourcesBuildPhase;
			buildActionMask = 2147483647;
			files = (
				AC509E4622498E220025C3D0 /* LaunchScreen.storyboard in Resources */,
				AC509E4322498E220025C3D0 /* Assets.xcassets in Resources */,
				AC509E4122498E160025C3D0 /* Main.storyboard in Resources */,
			);
			runOnlyForDeploymentPostprocessing = 0;
		};
/* End PBXResourcesBuildPhase section */

/* Begin PBXSourcesBuildPhase section */
		AC509E3222498E160025C3D0 /* Sources */ = {
			isa = PBXSourcesBuildPhase;
			buildActionMask = 2147483647;
			files = (
				AC509E3E22498E160025C3D0 /* ViewController.m in Sources */,
				AC509E4922498E220025C3D0 /* main.m in Sources */,
				AC509E51224991F40025C3D0 /* Pessoa.m in Sources */,
				AC509E3B22498E160025C3D0 /* AppDelegate.m in Sources */,
			);
			runOnlyForDeploymentPostprocessing = 0;
		};
/* End PBXSourcesBuildPhase section */

/* Begin PBXVariantGroup section */
		AC509E3F22498E160025C3D0 /* Main.storyboard */ = {
			isa = PBXVariantGroup;
			children = (
				AC509E4022498E160025C3D0 /* Base */,
			);
			name = Main.storyboard;
			sourceTree = "<group>";
		};
		AC509E4422498E220025C3D0 /* LaunchScreen.storyboard */ = {
			isa = PBXVariantGroup;
			children = (
				AC509E4522498E220025C3D0 /* Base */,
			);
			name = LaunchScreen.storyboard;
			sourceTree = "<group>";
		};
/* End PBXVariantGroup section */

/* Begin XCBuildConfiguration section */
		AC509E4A22498E220025C3D0 /* Debug */ = {
			isa = XCBuildConfiguration;
			buildSettings = {
				ALWAYS_SEARCH_USER_PATHS = NO;
				CLANG_ANALYZER_NONNULL = YES;
				CLANG_ANALYZER_NUMBER_OBJECT_CONVERSION = YES_AGGRESSIVE;
				CLANG_CXX_LANGUAGE_STANDARD = "gnu++14";
				CLANG_CXX_LIBRARY = "libc++";
				CLANG_ENABLE_MODULES = YES;
				CLANG_ENABLE_OBJC_ARC = YES;
				CLANG_ENABLE_OBJC_WEAK = YES;
				CLANG_WARN_BLOCK_CAPTURE_AUTORELEASING = YES;
				CLANG_WARN_BOOL_CONVERSION = YES;
				CLANG_WARN_COMMA = YES;
				CLANG_WARN_CONSTANT_CONVERSION = YES;
				CLANG_WARN_DEPRECATED_OBJC_IMPLEMENTATIONS = YES;
				CLANG_WARN_DIRECT_OBJC_ISA_USAGE = YES_ERROR;
				CLANG_WARN_DOCUMENTATION_COMMENTS = YES;
				CLANG_WARN_EMPTY_BODY = YES;
				CLANG_WARN_ENUM_CONVERSION = YES;
				CLANG_WARN_INFINITE_RECURSION = YES;
				CLANG_WARN_INT_CONVERSION = YES;
				CLANG_WARN_NON_LITERAL_NULL_CONVERSION = YES;
				CLANG_WARN_OBJC_IMPLICIT_RETAIN_SELF = YES;
				CLANG_WARN_OBJC_LITERAL_CONVERSION = YES;
				CLANG_WARN_OBJC_ROOT_CLASS = YES_ERROR;
				CLANG_WARN_RANGE_LOOP_ANALYSIS = YES;
				CLANG_WARN_STRICT_PROTOTYPES = YES;
				CLANG_WARN_SUSPICIOUS_MOVE = YES;
				CLANG_WARN_UNGUARDED_AVAILABILITY = YES_AGGRESSIVE;
				CLANG_WARN_UNREACHABLE_CODE = YES;
				CLANG_WARN__DUPLICATE_METHOD_MATCH = YES;
				CODE_SIGN_IDENTITY = "iPhone Developer";
				COPY_PHASE_STRIP = NO;
				DEBUG_INFORMATION_FORMAT = dwarf;
				ENABLE_STRICT_OBJC_MSGSEND = YES;
				ENABLE_TESTABILITY = YES;
				GCC_C_LANGUAGE_STANDARD = gnu11;
				GCC_DYNAMIC_NO_PIC = NO;
				GCC_NO_COMMON_BLOCKS = YES;
				GCC_OPTIMIZATION_LEVEL = 0;
				GCC_PREPROCESSOR_DEFINITIONS = (
					"DEBUG=1",
					"$(inherited)",
				);
				GCC_WARN_64_TO_32_BIT_CONVERSION = YES;
				GCC_WARN_ABOUT_RETURN_TYPE = YES_ERROR;
				GCC_WARN_UNDECLARED_SELECTOR = YES;
				GCC_WARN_UNINITIALIZED_AUTOS = YES_AGGRESSIVE;
				GCC_WARN_UNUSED_FUNCTION = YES;
				GCC_WARN_UNUSED_VARIABLE = YES;
				IPHONEOS_DEPLOYMENT_TARGET = 12.1;
				MTL_ENABLE_DEBUG_INFO = INCLUDE_SOURCE;
				MTL_FAST_MATH = YES;
				ONLY_ACTIVE_ARCH = YES;
				SDKROOT = iphoneos;
			};
			name = Debug;
		};
		AC509E4B22498E220025C3D0 /* Release */ = {
			isa = XCBuildConfiguration;
			buildSettings = {
				ALWAYS_SEARCH_USER_PATHS = NO;
				CLANG_ANALYZER_NONNULL = YES;
				CLANG_ANALYZER_NUMBER_OBJECT_CONVERSION = YES_AGGRESSIVE;
				CLANG_CXX_LANGUAGE_STANDARD = "gnu++14";
				CLANG_CXX_LIBRARY = "libc++";
				CLANG_ENABLE_MODULES = YES;
				CLANG_ENABLE_OBJC_ARC = YES;
				CLANG_ENABLE_OBJC_WEAK = YES;
				CLANG_WARN_BLOCK_CAPTURE_AUTORELEASING = YES;
				CLANG_WARN_BOOL_CONVERSION = YES;
				CLANG_WARN_COMMA = YES;
				CLANG_WARN_CONSTANT_CONVERSION = YES;
				CLANG_WARN_DEPRECATED_OBJC_IMPLEMENTATIONS = YES;
				CLANG_WARN_DIRECT_OBJC_ISA_USAGE = YES_ERROR;
				CLANG_WARN_DOCUMENTATION_COMMENTS = YES;
				CLANG_WARN_EMPTY_BODY = YES;
				CLANG_WARN_ENUM_CONVERSION = YES;
				CLANG_WARN_INFINITE_RECURSION = YES;
				CLANG_WARN_INT_CONVERSION = YES;
				CLANG_WARN_NON_LITERAL_NULL_CONVERSION = YES;
				CLANG_WARN_OBJC_IMPLICIT_RETAIN_SELF = YES;
				CLANG_WARN_OBJC_LITERAL_CONVERSION = YES;
				CLANG_WARN_OBJC_ROOT_CLASS = YES_ERROR;
				CLANG_WARN_RANGE_LOOP_ANALYSIS = YES;
				CLANG_WARN_STRICT_PROTOTYPES = YES;
				CLANG_WARN_SUSPICIOUS_MOVE = YES;
				CLANG_WARN_UNGUARDED_AVAILABILITY = YES_AGGRESSIVE;
				CLANG_WARN_UNREACHABLE_CODE = YES;
				CLANG_WARN__DUPLICATE_METHOD_MATCH = YES;
				CODE_SIGN_IDENTITY = "iPhone Developer";
				COPY_PHASE_STRIP = NO;
				DEBUG_INFORMATION_FORMAT = "dwarf-with-dsym";
				ENABLE_NS_ASSERTIONS = NO;
				ENABLE_STRICT_OBJC_MSGSEND = YES;
				GCC_C_LANGUAGE_STANDARD = gnu11;
				GCC_NO_COMMON_BLOCKS = YES;
				GCC_WARN_64_TO_32_BIT_CONVERSION = YES;
				GCC_WARN_ABOUT_RETURN_TYPE = YES_ERROR;
				GCC_WARN_UNDECLARED_SELECTOR = YES;
				GCC_WARN_UNINITIALIZED_AUTOS = YES_AGGRESSIVE;
				GCC_WARN_UNUSED_FUNCTION = YES;
				GCC_WARN_UNUSED_VARIABLE = YES;
				IPHONEOS_DEPLOYMENT_TARGET = 12.1;
				MTL_ENABLE_DEBUG_INFO = NO;
				MTL_FAST_MATH = YES;
				SDKROOT = iphoneos;
				VALIDATE_PRODUCT = YES;
			};
			name = Release;
		};
		AC509E4D22498E220025C3D0 /* Debug */ = {
			isa = XCBuildConfiguration;
			buildSettings = {
				ASSETCATALOG_COMPILER_APPICON_NAME = AppIcon;
				CODE_SIGN_STYLE = Automatic;
				INFOPLIST_FILE = "Correção Aula 08 - 4SIR/Info.plist";
				LD_RUNPATH_SEARCH_PATHS = (
					"$(inherited)",
					"@executable_path/Frameworks",
				);
				PRODUCT_BUNDLE_IDENTIFIER = "com.fiap.Correc-a-o-Aula-08---4SIR";
				PRODUCT_NAME = "$(TARGET_NAME)";
				TARGETED_DEVICE_FAMILY = "1,2";
			};
			name = Debug;
		};
		AC509E4E22498E220025C3D0 /* Release */ = {
			isa = XCBuildConfiguration;
			buildSettings = {
				ASSETCATALOG_COMPILER_APPICON_NAME = AppIcon;
				CODE_SIGN_STYLE = Automatic;
				INFOPLIST_FILE = "Correção Aula 08 - 4SIR/Info.plist";
				LD_RUNPATH_SEARCH_PATHS = (
					"$(inherited)",
					"@executable_path/Frameworks",
				);
				PRODUCT_BUNDLE_IDENTIFIER = "com.fiap.Correc-a-o-Aula-08---4SIR";
				PRODUCT_NAME = "$(TARGET_NAME)";
				TARGETED_DEVICE_FAMILY = "1,2";
			};
			name = Release;
		};
/* End XCBuildConfiguration section */

/* Begin XCConfigurationList section */
		AC509E3122498E160025C3D0 /* Build configuration list for PBXProject "Correção Aula 08 - 4SIR" */ = {
			isa = XCConfigurationList;
			buildConfigurations = (
				AC509E4A22498E220025C3D0 /* Debug */,
				AC509E4B22498E220025C3D0 /* Release */,
			);
			defaultConfigurationIsVisible = 0;
			defaultConfigurationName = Release;
		};
		AC509E4C22498E220025C3D0 /* Build configuration list for PBXNativeTarget "Correção Aula 08 - 4SIR" */ = {
			isa = XCConfigurationList;
			buildConfigurations = (
				AC509E4D22498E220025C3D0 /* Debug */,
				AC509E4E22498E220025C3D0 /* Release */,
			);
			defaultConfigurationIsVisible = 0;
			defaultConfigurationName = Release;
		};
/* End XCConfigurationList section */
	};
	rootObject = AC509E2E22498E160025C3D0 /* Project object */;
}
